
Microsoft Visual Studio Solution File, Format Version 12.00
# Visual Studio 15
Project("{FAE04EC0-301F-11D3-BF4B-00C04F79EFBC}") = "Modul_3", "Modul_3\Modul_3.csproj", "{FF266F8E-D933-478B-813A-27D89DB9861B}"
EndProject
Global
	GlobalSection(SolutionConfigurationPlatforms) = preSolution
		Debug|Any CPU = Debug|Any CPU
		Release|Any CPU = Release|Any CPU
	EndGlobalSection
	GlobalSection(ProjectConfigurationPlatforms) = postSolution
		{FF266F8E-D933-478B-813A-27D89DB9861B}.Debug|Any CPU.ActiveCfg = Debug|Any CPU
		{FF266F8E-D933-478B-813A-27D89DB9861B}.Debug|Any CPU.Build.0 = Debug|Any CPU
		{FF266F8E-D933-478B-813A-27D89DB9861B}.Release|Any CPU.ActiveCfg = Release|Any CPU
		{FF266F8E-D933-478B-813A-27D89DB9861B}.Release|Any CPU.Build.0 = Release|Any CPU
	EndGlobalSection
EndGlobal
